// !$*UTF8*$!
{
	archiveVersion = 1;
	classes = {
	};
	objectVersion = 46;
	objects = {

/* Begin PBXBuildFile section */
		192CFAB41F37C25300685A02 /* Constants.swift in Sources */ = {isa = PBXBuildFile; fileRef = 192CFAB31F37C25300685A02 /* Constants.swift */; };
		192CFAB71F37C53900685A02 /* CurrentWeather.swift in Sources */ = {isa = PBXBuildFile; fileRef = 192CFAB61F37C53900685A02 /* CurrentWeather.swift */; };
		199937481F3700550057FCC5 /* AppDelegate.swift in Sources */ = {isa = PBXBuildFile; fileRef = 199937471F3700550057FCC5 /* AppDelegate.swift */; };
		1999374A1F3700550057FCC5 /* WeatherVC.swift in Sources */ = {isa = PBXBuildFile; fileRef = 199937491F3700550057FCC5 /* WeatherVC.swift */; };
		1999374D1F3700550057FCC5 /* Main.storyboard in Resources */ = {isa = PBXBuildFile; fileRef = 1999374B1F3700550057FCC5 /* Main.storyboard */; };
		1999374F1F3700550057FCC5 /* Assets.xcassets in Resources */ = {isa = PBXBuildFile; fileRef = 1999374E1F3700550057FCC5 /* Assets.xcassets */; };
		199937521F3700550057FCC5 /* LaunchScreen.storyboard in Resources */ = {isa = PBXBuildFile; fileRef = 199937501F3700550057FCC5 /* LaunchScreen.storyboard */; };
		44302B5596BC3F976416D1B0 /* Pods_RainOrShine.framework in Frameworks */ = {isa = PBXBuildFile; fileRef = 38994B7BC24653FD237611BF /* Pods_RainOrShine.framework */; };
/* End PBXBuildFile section */

/* Begin PBXFileReference section */
		0C3115D02C61AA732822E523 /* Pods-RainOrShine.release.xcconfig */ = {isa = PBXFileReference; includeInIndex = 1; lastKnownFileType = text.xcconfig; name = "Pods-RainOrShine.release.xcconfig"; path = "Pods/Target Support Files/Pods-RainOrShine/Pods-RainOrShine.release.xcconfig"; sourceTree = "<group>"; };
		192CFAB31F37C25300685A02 /* Constants.swift */ = {isa = PBXFileReference; fileEncoding = 4; lastKnownFileType = sourcecode.swift; path = Constants.swift; sourceTree = "<group>"; };
		192CFAB61F37C53900685A02 /* CurrentWeather.swift */ = {isa = PBXFileReference; fileEncoding = 4; lastKnownFileType = sourcecode.swift; path = CurrentWeather.swift; sourceTree = "<group>"; };
		199937441F3700550057FCC5 /* RainOrShine.app */ = {isa = PBXFileReference; explicitFileType = wrapper.application; includeInIndex = 0; path = RainOrShine.app; sourceTree = BUILT_PRODUCTS_DIR; };
		199937471F3700550057FCC5 /* AppDelegate.swift */ = {isa = PBXFileReference; lastKnownFileType = sourcecode.swift; path = AppDelegate.swift; sourceTree = "<group>"; };
		199937491F3700550057FCC5 /* WeatherVC.swift */ = {isa = PBXFileReference; lastKnownFileType = sourcecode.swift; path = WeatherVC.swift; sourceTree = "<group>"; };
		1999374C1F3700550057FCC5 /* Base */ = {isa = PBXFileReference; lastKnownFileType = file.storyboard; name = Base; path = Base.lproj/Main.storyboard; sourceTree = "<group>"; };
		1999374E1F3700550057FCC5 /* Assets.xcassets */ = {isa = PBXFileReference; lastKnownFileType = folder.assetcatalog; path = Assets.xcassets; sourceTree = "<group>"; };
		199937511F3700550057FCC5 /* Base */ = {isa = PBXFileReference; lastKnownFileType = file.storyboard; name = Base; path = Base.lproj/LaunchScreen.storyboard; sourceTree = "<group>"; };
		199937531F3700550057FCC5 /* Info.plist */ = {isa = PBXFileReference; lastKnownFileType = text.plist.xml; path = Info.plist; sourceTree = "<group>"; };
		38994B7BC24653FD237611BF /* Pods_RainOrShine.framework */ = {isa = PBXFileReference; explicitFileType = wrapper.framework; includeInIndex = 0; path = Pods_RainOrShine.framework; sourceTree = BUILT_PRODUCTS_DIR; };
		67341407C7ECA0A45E899720 /* Pods-RainOrShine.debug.xcconfig */ = {isa = PBXFileReference; includeInIndex = 1; lastKnownFileType = text.xcconfig; name = "Pods-RainOrShine.debug.xcconfig"; path = "Pods/Target Support Files/Pods-RainOrShine/Pods-RainOrShine.debug.xcconfig"; sourceTree = "<group>"; };
/* End PBXFileReference section */

/* Begin PBXFrameworksBuildPhase section */
		199937411F3700550057FCC5 /* Frameworks */ = {
			isa = PBXFrameworksBuildPhase;
			buildActionMask = 2147483647;
			files = (
				44302B5596BC3F976416D1B0 /* Pods_RainOrShine.framework in Frameworks */,
			);
			runOnlyForDeploymentPostprocessing = 0;
		};
/* End PBXFrameworksBuildPhase section */

/* Begin PBXGroup section */
		192CFAAF1F37BB7300685A02 /* Controller */ = {
			isa = PBXGroup;
			children = (
				199937491F3700550057FCC5 /* WeatherVC.swift */,
			);
			name = Controller;
			sourceTree = "<group>";
		};
		192CFAB01F37C05B00685A02 /* View */ = {
			isa = PBXGroup;
			children = (
			);
			name = View;
			sourceTree = "<group>";
		};
		192CFAB11F37C06D00685A02 /* Model */ = {
			isa = PBXGroup;
			children = (
			);
			name = Model;
			sourceTree = "<group>";
		};
		192CFAB21F37C23E00685A02 /* Utilities */ = {
			isa = PBXGroup;
			children = (
				192CFAB31F37C25300685A02 /* Constants.swift */,
			);
			name = Utilities;
			sourceTree = "<group>";
		};
		192CFAB51F37C50700685A02 /* Services */ = {
			isa = PBXGroup;
			children = (
				192CFAB61F37C53900685A02 /* CurrentWeather.swift */,
			);
			name = Services;
			sourceTree = "<group>";
		};
		1999373B1F3700550057FCC5 = {
			isa = PBXGroup;
			children = (
				199937461F3700550057FCC5 /* RainOrShine */,
				199937451F3700550057FCC5 /* Products */,
				6E843DD4EE124F2F8D865DBD /* Pods */,
				DFE08F0972C313BF6650BA86 /* Frameworks */,
			);
			sourceTree = "<group>";
		};
		199937451F3700550057FCC5 /* Products */ = {
			isa = PBXGroup;
			children = (
				199937441F3700550057FCC5 /* RainOrShine.app */,
			);
			name = Products;
			sourceTree = "<group>";
		};
		199937461F3700550057FCC5 /* RainOrShine */ = {
			isa = PBXGroup;
			children = (
				192CFAB51F37C50700685A02 /* Services */,
				192CFAB21F37C23E00685A02 /* Utilities */,
				192CFAB11F37C06D00685A02 /* Model */,
				192CFAB01F37C05B00685A02 /* View */,
				192CFAAF1F37BB7300685A02 /* Controller */,
				199937471F3700550057FCC5 /* AppDelegate.swift */,
				1999374B1F3700550057FCC5 /* Main.storyboard */,
				1999374E1F3700550057FCC5 /* Assets.xcassets */,
				199937501F3700550057FCC5 /* LaunchScreen.storyboard */,
				199937531F3700550057FCC5 /* Info.plist */,
			);
			path = RainOrShine;
			sourceTree = "<group>";
		};
		6E843DD4EE124F2F8D865DBD /* Pods */ = {
			isa = PBXGroup;
			children = (
				67341407C7ECA0A45E899720 /* Pods-RainOrShine.debug.xcconfig */,
				0C3115D02C61AA732822E523 /* Pods-RainOrShine.release.xcconfig */,
			);
			name = Pods;
			sourceTree = "<group>";
		};
		DFE08F0972C313BF6650BA86 /* Frameworks */ = {
			isa = PBXGroup;
			children = (
				38994B7BC24653FD237611BF /* Pods_RainOrShine.framework */,
			);
			name = Frameworks;
			sourceTree = "<group>";
		};
/* End PBXGroup section */

/* Begin PBXNativeTarget section */
		199937431F3700550057FCC5 /* RainOrShine */ = {
			isa = PBXNativeTarget;
			buildConfigurationList = 199937561F3700550057FCC5 /* Build configuration list for PBXNativeTarget "RainOrShine" */;
			buildPhases = (
				1E24404C7A313B8116BE8877 /* [CP] Check Pods Manifest.lock */,
				199937401F3700550057FCC5 /* Sources */,
				199937411F3700550057FCC5 /* Frameworks */,
				199937421F3700550057FCC5 /* Resources */,
				4DF3C33CAC37DA4D246B94D2 /* [CP] Embed Pods Frameworks */,
				11B05E05EB14B21B20873D11 /* [CP] Copy Pods Resources */,
			);
			buildRules = (
			);
			dependencies = (
			);
			name = RainOrShine;
			productName = RainOrShine;
			productReference = 199937441F3700550057FCC5 /* RainOrShine.app */;
			productType = "com.apple.product-type.application";
		};
/* End PBXNativeTarget section */

/* Begin PBXProject section */
		1999373C1F3700550057FCC5 /* Project object */ = {
			isa = PBXProject;
			attributes = {
				LastSwiftUpdateCheck = 0830;
				LastUpgradeCheck = 0830;
				ORGANIZATIONNAME = "Chris McDonald";
				TargetAttributes = {
					199937431F3700550057FCC5 = {
						CreatedOnToolsVersion = 8.3.2;
						DevelopmentTeam = E8W6XDS66Q;
						ProvisioningStyle = Automatic;
					};
				};
			};
			buildConfigurationList = 1999373F1F3700550057FCC5 /* Build configuration list for PBXProject "RainOrShine" */;
			compatibilityVersion = "Xcode 3.2";
			developmentRegion = English;
			hasScannedForEncodings = 0;
			knownRegions = (
				en,
				Base,
			);
			mainGroup = 1999373B1F3700550057FCC5;
			productRefGroup = 199937451F3700550057FCC5 /* Products */;
			projectDirPath = "";
			projectRoot = "";
			targets = (
				199937431F3700550057FCC5 /* RainOrShine */,
			);
		};
/* End PBXProject section */

/* Begin PBXResourcesBuildPhase section */
		199937421F3700550057FCC5 /* Resources */ = {
			isa = PBXResourcesBuildPhase;
			buildActionMask = 2147483647;
			files = (
				199937521F3700550057FCC5 /* LaunchScreen.storyboard in Resources */,
				1999374F1F3700550057FCC5 /* Assets.xcassets in Resources */,
				1999374D1F3700550057FCC5 /* Main.storyboard in Resources */,
			);
			runOnlyForDeploymentPostprocessing = 0;
		};
/* End PBXResourcesBuildPhase section */

/* Begin PBXShellScriptBuildPhase section */
		11B05E05EB14B21B20873D11 /* [CP] Copy Pods Resources */ = {
			isa = PBXShellScriptBuildPhase;
			buildActionMask = 2147483647;
			files = (
			);
			inputPaths = (
			);
			name = "[CP] Copy Pods Resources";
			outputPaths = (
			);
			runOnlyForDeploymentPostprocessing = 0;
			shellPath = /bin/sh;
			shellScript = "\"${SRCROOT}/Pods/Target Support Files/Pods-RainOrShine/Pods-RainOrShine-resources.sh\"\n";
			showEnvVarsInLog = 0;
		};
		1E24404C7A313B8116BE8877 /* [CP] Check Pods Manifest.lock */ = {
			isa = PBXShellScriptBuildPhase;
			buildActionMask = 2147483647;
			files = (
			);
			inputPaths = (
			);
			name = "[CP] Check Pods Manifest.lock";
			outputPaths = (
			);
			runOnlyForDeploymentPostprocessing = 0;
			shellPath = /bin/sh;
			shellScript = "diff \"${PODS_ROOT}/../Podfile.lock\" \"${PODS_ROOT}/Manifest.lock\" > /dev/null\nif [ $? != 0 ] ; then\n    # print error to STDERR\n    echo \"error: The sandbox is not in sync with the Podfile.lock. Run 'pod install' or update your CocoaPods installation.\" >&2\n    exit 1\nfi\n";
			showEnvVarsInLog = 0;
		};
		4DF3C33CAC37DA4D246B94D2 /* [CP] Embed Pods Frameworks */ = {
			isa = PBXShellScriptBuildPhase;
			buildActionMask = 2147483647;
			files = (
			);
			inputPaths = (
			);
			name = "[CP] Embed Pods Frameworks";
			outputPaths = (
			);
			runOnlyForDeploymentPostprocessing = 0;
			shellPath = /bin/sh;
			shellScript = "\"${SRCROOT}/Pods/Target Support Files/Pods-RainOrShine/Pods-RainOrShine-frameworks.sh\"\n";
			showEnvVarsInLog = 0;
		};
/* End PBXShellScriptBuildPhase section */

/* Begin PBXSourcesBuildPhase section */
		199937401F3700550057FCC5 /* Sources */ = {
			isa = PBXSourcesBuildPhase;
			buildActionMask = 2147483647;
			files = (
				1999374A1F3700550057FCC5 /* WeatherVC.swift in Sources */,
				199937481F3700550057FCC5 /* AppDelegate.swift in Sources */,
				192CFAB71F37C53900685A02 /* CurrentWeather.swift in Sources */,
				192CFAB41F37C25300685A02 /* Constants.swift in Sources */,
			);
			runOnlyForDeploymentPostprocessing = 0;
		};
/* End PBXSourcesBuildPhase section */

/* Begin PBXVariantGroup section */
		1999374B1F3700550057FCC5 /* Main.storyboard */ = {
			isa = PBXVariantGroup;
			children = (
				1999374C1F3700550057FCC5 /* Base */,
			);
			name = Main.storyboard;
			sourceTree = "<group>";
		};
		199937501F3700550057FCC5 /* LaunchScreen.storyboard */ = {
			isa = PBXVariantGroup;
			children = (
				199937511F3700550057FCC5 /* Base */,
			);
			name = LaunchScreen.storyboard;
			sourceTree = "<group>";
		};
/* End PBXVariantGroup section */

/* Begin XCBuildConfiguration section */
		199937541F3700550057FCC5 /* Debug */ = {
			isa = XCBuildConfiguration;
			buildSettings = {
				ALWAYS_SEARCH_USER_PATHS = NO;
				CLANG_ANALYZER_NONNULL = YES;
				CLANG_ANALYZER_NUMBER_OBJECT_CONVERSION = YES_AGGRESSIVE;
				CLANG_CXX_LANGUAGE_STANDARD = "gnu++0x";
				CLANG_CXX_LIBRARY = "libc++";
				CLANG_ENABLE_MODULES = YES;
				CLANG_ENABLE_OBJC_ARC = YES;
				CLANG_WARN_BOOL_CONVERSION = YES;
				CLANG_WARN_CONSTANT_CONVERSION = YES;
				CLANG_WARN_DIRECT_OBJC_ISA_USAGE = YES_ERROR;
				CLANG_WARN_DOCUMENTATION_COMMENTS = YES;
				CLANG_WARN_EMPTY_BODY = YES;
				CLANG_WARN_ENUM_CONVERSION = YES;
				CLANG_WARN_INFINITE_RECURSION = YES;
				CLANG_WARN_INT_CONVERSION = YES;
				CLANG_WARN_OBJC_ROOT_CLASS = YES_ERROR;
				CLANG_WARN_SUSPICIOUS_MOVE = YES;
				CLANG_WARN_UNREACHABLE_CODE = YES;
				CLANG_WARN__DUPLICATE_METHOD_MATCH = YES;
				"CODE_SIGN_IDENTITY[sdk=iphoneos*]" = "iPhone Developer";
				COPY_PHASE_STRIP = NO;
				DEBUG_INFORMATION_FORMAT = dwarf;
				ENABLE_STRICT_OBJC_MSGSEND = YES;
				ENABLE_TESTABILITY = YES;
				GCC_C_LANGUAGE_STANDARD = gnu99;
				GCC_DYNAMIC_NO_PIC = NO;
				GCC_NO_COMMON_BLOCKS = YES;
				GCC_OPTIMIZATION_LEVEL = 0;
				GCC_PREPROCESSOR_DEFINITIONS = (
					"DEBUG=1",
					"$(inherited)",
				);
				GCC_WARN_64_TO_32_BIT_CONVERSION = YES;
				GCC_WARN_ABOUT_RETURN_TYPE = YES_ERROR;
				GCC_WARN_UNDECLARED_SELECTOR = YES;
				GCC_WARN_UNINITIALIZED_AUTOS = YES_AGGRESSIVE;
				GCC_WARN_UNUSED_FUNCTION = YES;
				GCC_WARN_UNUSED_VARIABLE = YES;
				IPHONEOS_DEPLOYMENT_TARGET = 10.3;
				MTL_ENABLE_DEBUG_INFO = YES;
				ONLY_ACTIVE_ARCH = YES;
				SDKROOT = iphoneos;
				SWIFT_ACTIVE_COMPILATION_CONDITIONS = DEBUG;
				SWIFT_OPTIMIZATION_LEVEL = "-Onone";
			};
			name = Debug;
		};
		199937551F3700550057FCC5 /* Release */ = {
			isa = XCBuildConfiguration;
			buildSettings = {
				ALWAYS_SEARCH_USER_PATHS = NO;
				CLANG_ANALYZER_NONNULL = YES;
				CLANG_ANALYZER_NUMBER_OBJECT_CONVERSION = YES_AGGRESSIVE;
				CLANG_CXX_LANGUAGE_STANDARD = "gnu++0x";
				CLANG_CXX_LIBRARY = "libc++";
				CLANG_ENABLE_MODULES = YES;
				CLANG_ENABLE_OBJC_ARC = YES;
				CLANG_WARN_BOOL_CONVERSION = YES;
				CLANG_WARN_CONSTANT_CONVERSION = YES;
				CLANG_WARN_DIRECT_OBJC_ISA_USAGE = YES_ERROR;
				CLANG_WARN_DOCUMENTATION_COMMENTS = YES;
				CLANG_WARN_EMPTY_BODY = YES;
				CLANG_WARN_ENUM_CONVERSION = YES;
				CLANG_WARN_INFINITE_RECURSION = YES;
				CLANG_WARN_INT_CONVERSION = YES;
				CLANG_WARN_OBJC_ROOT_CLASS = YES_ERROR;
				CLANG_WARN_SUSPICIOUS_MOVE = YES;
				CLANG_WARN_UNREACHABLE_CODE = YES;
				CLANG_WARN__DUPLICATE_METHOD_MATCH = YES;
				"CODE_SIGN_IDENTITY[sdk=iphoneos*]" = "iPhone Developer";
				COPY_PHASE_STRIP = NO;
				DEBUG_INFORMATION_FORMAT = "dwarf-with-dsym";
				ENABLE_NS_ASSERTIONS = NO;
				ENABLE_STRICT_OBJC_MSGSEND = YES;
				GCC_C_LANGUAGE_STANDARD = gnu99;
				GCC_NO_COMMON_BLOCKS = YES;
				GCC_WARN_64_TO_32_BIT_CONVERSION = YES;
				GCC_WARN_ABOUT_RETURN_TYPE = YES_ERROR;
				GCC_WARN_UNDECLARED_SELECTOR = YES;
				GCC_WARN_UNINITIALIZED_AUTOS = YES_AGGRESSIVE;
				GCC_WARN_UNUSED_FUNCTION = YES;
				GCC_WARN_UNUSED_VARIABLE = YES;
				IPHONEOS_DEPLOYMENT_TARGET = 10.3;
				MTL_ENABLE_DEBUG_INFO = NO;
				SDKROOT = iphoneos;
				SWIFT_OPTIMIZATION_LEVEL = "-Owholemodule";
				VALIDATE_PRODUCT = YES;
			};
			name = Release;
		};
		199937571F3700550057FCC5 /* Debug */ = {
			isa = XCBuildConfiguration;
			baseConfigurationReference = 67341407C7ECA0A45E899720 /* Pods-RainOrShine.debug.xcconfig */;
			buildSettings = {
				ASSETCATALOG_COMPILER_APPICON_NAME = AppIcon;
				DEVELOPMENT_TEAM = E8W6XDS66Q;
				INFOPLIST_FILE = RainOrShine/Info.plist;
				LD_RUNPATH_SEARCH_PATHS = "$(inherited) @executable_path/Frameworks";
				PRODUCT_BUNDLE_IDENTIFIER = "Chris-McDonald.RainOrShine";
				PRODUCT_NAME = "$(TARGET_NAME)";
				SWIFT_VERSION = 3.0;
			};
			name = Debug;
		};
		199937581F3700550057FCC5 /* Release */ = {
			isa = XCBuildConfiguration;
			baseConfigurationReference = 0C3115D02C61AA732822E523 /* Pods-RainOrShine.release.xcconfig */;
			buildSettings = {
				ASSETCATALOG_COMPILER_APPICON_NAME = AppIcon;
				DEVELOPMENT_TEAM = E8W6XDS66Q;
				INFOPLIST_FILE = RainOrShine/Info.plist;
				LD_RUNPATH_SEARCH_PATHS = "$(inherited) @executable_path/Frameworks";
				PRODUCT_BUNDLE_IDENTIFIER = "Chris-McDonald.RainOrShine";
				PRODUCT_NAME = "$(TARGET_NAME)";
				SWIFT_VERSION = 3.0;
			};
			name = Release;
		};
/* End XCBuildConfiguration section */

/* Begin XCConfigurationList section */
		1999373F1F3700550057FCC5 /* Build configuration list for PBXProject "RainOrShine" */ = {
			isa = XCConfigurationList;
			buildConfigurations = (
				199937541F3700550057FCC5 /* Debug */,
				199937551F3700550057FCC5 /* Release */,
			);
			defaultConfigurationIsVisible = 0;
			defaultConfigurationName = Release;
		};
		199937561F3700550057FCC5 /* Build configuration list for PBXNativeTarget "RainOrShine" */ = {
			isa = XCConfigurationList;
			buildConfigurations = (
				199937571F3700550057FCC5 /* Debug */,
				199937581F3700550057FCC5 /* Release */,
			);
			defaultConfigurationIsVisible = 0;
			defaultConfigurationName = Release;
		};
/* End XCConfigurationList section */
	};
	rootObject = 1999373C1F3700550057FCC5 /* Project object */;
}
